// !$*UTF8*$!
{
	archiveVersion = 1;
	classes = {
	};
	objectVersion = 50;
	objects = {

/* Begin PBXBuildFile section */
		E979B41121DC6F23002591F4 /* AppDelegate.swift in Sources */ = {isa = PBXBuildFile; fileRef = E979B41021DC6F23002591F4 /* AppDelegate.swift */; };
		E979B41321DC6F23002591F4 /* ViewController.swift in Sources */ = {isa = PBXBuildFile; fileRef = E979B41221DC6F23002591F4 /* ViewController.swift */; };
		E979B41621DC6F23002591F4 /* Main.storyboard in Resources */ = {isa = PBXBuildFile; fileRef = E979B41421DC6F23002591F4 /* Main.storyboard */; };
		E979B41821DC6F26002591F4 /* Assets.xcassets in Resources */ = {isa = PBXBuildFile; fileRef = E979B41721DC6F26002591F4 /* Assets.xcassets */; };
		E979B41B21DC6F26002591F4 /* LaunchScreen.storyboard in Resources */ = {isa = PBXBuildFile; fileRef = E979B41921DC6F26002591F4 /* LaunchScreen.storyboard */; };
		E979B42621DC6F26002591F4 /* FoodPinTests.swift in Sources */ = {isa = PBXBuildFile; fileRef = E979B42521DC6F26002591F4 /* FoodPinTests.swift */; };
		E979B43121DC6F26002591F4 /* FoodPinUITests.swift in Sources */ = {isa = PBXBuildFile; fileRef = E979B43021DC6F26002591F4 /* FoodPinUITests.swift */; };
/* End PBXBuildFile section */

/* Begin PBXContainerItemProxy section */
		E979B42221DC6F26002591F4 /* PBXContainerItemProxy */ = {
			isa = PBXContainerItemProxy;
			containerPortal = E979B40521DC6F23002591F4 /* Project object */;
			proxyType = 1;
			remoteGlobalIDString = E979B40C21DC6F23002591F4;
			remoteInfo = FoodPin;
		};
		E979B42D21DC6F26002591F4 /* PBXContainerItemProxy */ = {
			isa = PBXContainerItemProxy;
			containerPortal = E979B40521DC6F23002591F4 /* Project object */;
			proxyType = 1;
			remoteGlobalIDString = E979B40C21DC6F23002591F4;
			remoteInfo = FoodPin;
		};
/* End PBXContainerItemProxy section */

/* Begin PBXFileReference section */
		E979B40D21DC6F23002591F4 /* FoodPin.app */ = {isa = PBXFileReference; explicitFileType = wrapper.application; includeInIndex = 0; path = FoodPin.app; sourceTree = BUILT_PRODUCTS_DIR; };
		E979B41021DC6F23002591F4 /* AppDelegate.swift */ = {isa = PBXFileReference; lastKnownFileType = sourcecode.swift; path = AppDelegate.swift; sourceTree = "<group>"; };
		E979B41221DC6F23002591F4 /* ViewController.swift */ = {isa = PBXFileReference; lastKnownFileType = sourcecode.swift; path = ViewController.swift; sourceTree = "<group>"; };
		E979B41521DC6F23002591F4 /* Base */ = {isa = PBXFileReference; lastKnownFileType = file.storyboard; name = Base; path = Base.lproj/Main.storyboard; sourceTree = "<group>"; };
		E979B41721DC6F26002591F4 /* Assets.xcassets */ = {isa = PBXFileReference; lastKnownFileType = folder.assetcatalog; path = Assets.xcassets; sourceTree = "<group>"; };
		E979B41A21DC6F26002591F4 /* Base */ = {isa = PBXFileReference; lastKnownFileType = file.storyboard; name = Base; path = Base.lproj/LaunchScreen.storyboard; sourceTree = "<group>"; };
		E979B41C21DC6F26002591F4 /* Info.plist */ = {isa = PBXFileReference; lastKnownFileType = text.plist.xml; path = Info.plist; sourceTree = "<group>"; };
		E979B42121DC6F26002591F4 /* FoodPinTests.xctest */ = {isa = PBXFileReference; explicitFileType = wrapper.cfbundle; includeInIndex = 0; path = FoodPinTests.xctest; sourceTree = BUILT_PRODUCTS_DIR; };
		E979B42521DC6F26002591F4 /* FoodPinTests.swift */ = {isa = PBXFileReference; lastKnownFileType = sourcecode.swift; path = FoodPinTests.swift; sourceTree = "<group>"; };
		E979B42721DC6F26002591F4 /* Info.plist */ = {isa = PBXFileReference; lastKnownFileType = text.plist.xml; path = Info.plist; sourceTree = "<group>"; };
		E979B42C21DC6F26002591F4 /* FoodPinUITests.xctest */ = {isa = PBXFileReference; explicitFileType = wrapper.cfbundle; includeInIndex = 0; path = FoodPinUITests.xctest; sourceTree = BUILT_PRODUCTS_DIR; };
		E979B43021DC6F26002591F4 /* FoodPinUITests.swift */ = {isa = PBXFileReference; lastKnownFileType = sourcecode.swift; path = FoodPinUITests.swift; sourceTree = "<group>"; };
		E979B43221DC6F26002591F4 /* Info.plist */ = {isa = PBXFileReference; lastKnownFileType = text.plist.xml; path = Info.plist; sourceTree = "<group>"; };
/* End PBXFileReference section */

/* Begin PBXFrameworksBuildPhase section */
		E979B40A21DC6F23002591F4 /* Frameworks */ = {
			isa = PBXFrameworksBuildPhase;
			buildActionMask = 2147483647;
			files = (
			);
			runOnlyForDeploymentPostprocessing = 0;
		};
		E979B41E21DC6F26002591F4 /* Frameworks */ = {
			isa = PBXFrameworksBuildPhase;
			buildActionMask = 2147483647;
			files = (
			);
			runOnlyForDeploymentPostprocessing = 0;
		};
		E979B42921DC6F26002591F4 /* Frameworks */ = {
			isa = PBXFrameworksBuildPhase;
			buildActionMask = 2147483647;
			files = (
			);
			runOnlyForDeploymentPostprocessing = 0;
		};
/* End PBXFrameworksBuildPhase section */

/* Begin PBXGroup section */
		E979B40421DC6F23002591F4 = {
			isa = PBXGroup;
			children = (
				E979B40F21DC6F23002591F4 /* FoodPin */,
				E979B42421DC6F26002591F4 /* FoodPinTests */,
				E979B42F21DC6F26002591F4 /* FoodPinUITests */,
				E979B40E21DC6F23002591F4 /* Products */,
			);
			sourceTree = "<group>";
		};
		E979B40E21DC6F23002591F4 /* Products */ = {
			isa = PBXGroup;
			children = (
				E979B40D21DC6F23002591F4 /* FoodPin.app */,
				E979B42121DC6F26002591F4 /* FoodPinTests.xctest */,
				E979B42C21DC6F26002591F4 /* FoodPinUITests.xctest */,
			);
			name = Products;
			sourceTree = "<group>";
		};
		E979B40F21DC6F23002591F4 /* FoodPin */ = {
			isa = PBXGroup;
			children = (
				E979B41021DC6F23002591F4 /* AppDelegate.swift */,
				E979B41221DC6F23002591F4 /* ViewController.swift */,
				E979B41421DC6F23002591F4 /* Main.storyboard */,
				E979B41721DC6F26002591F4 /* Assets.xcassets */,
				E979B41921DC6F26002591F4 /* LaunchScreen.storyboard */,
				E979B41C21DC6F26002591F4 /* Info.plist */,
			);
			path = FoodPin;
			sourceTree = "<group>";
		};
		E979B42421DC6F26002591F4 /* FoodPinTests */ = {
			isa = PBXGroup;
			children = (
				E979B42521DC6F26002591F4 /* FoodPinTests.swift */,
				E979B42721DC6F26002591F4 /* Info.plist */,
			);
			path = FoodPinTests;
			sourceTree = "<group>";
		};
		E979B42F21DC6F26002591F4 /* FoodPinUITests */ = {
			isa = PBXGroup;
			children = (
				E979B43021DC6F26002591F4 /* FoodPinUITests.swift */,
				E979B43221DC6F26002591F4 /* Info.plist */,
			);
			path = FoodPinUITests;
			sourceTree = "<group>";
		};
/* End PBXGroup section */

/* Begin PBXNativeTarget section */
		E979B40C21DC6F23002591F4 /* FoodPin */ = {
			isa = PBXNativeTarget;
			buildConfigurationList = E979B43521DC6F26002591F4 /* Build configuration list for PBXNativeTarget "FoodPin" */;
			buildPhases = (
				E979B40921DC6F23002591F4 /* Sources */,
				E979B40A21DC6F23002591F4 /* Frameworks */,
				E979B40B21DC6F23002591F4 /* Resources */,
			);
			buildRules = (
			);
			dependencies = (
			);
			name = FoodPin;
			productName = FoodPin;
			productReference = E979B40D21DC6F23002591F4 /* FoodPin.app */;
			productType = "com.apple.product-type.application";
		};
		E979B42021DC6F26002591F4 /* FoodPinTests */ = {
			isa = PBXNativeTarget;
			buildConfigurationList = E979B43821DC6F26002591F4 /* Build configuration list for PBXNativeTarget "FoodPinTests" */;
			buildPhases = (
				E979B41D21DC6F26002591F4 /* Sources */,
				E979B41E21DC6F26002591F4 /* Frameworks */,
				E979B41F21DC6F26002591F4 /* Resources */,
			);
			buildRules = (
			);
			dependencies = (
				E979B42321DC6F26002591F4 /* PBXTargetDependency */,
			);
			name = FoodPinTests;
			productName = FoodPinTests;
			productReference = E979B42121DC6F26002591F4 /* FoodPinTests.xctest */;
			productType = "com.apple.product-type.bundle.unit-test";
		};
		E979B42B21DC6F26002591F4 /* FoodPinUITests */ = {
			isa = PBXNativeTarget;
			buildConfigurationList = E979B43B21DC6F26002591F4 /* Build configuration list for PBXNativeTarget "FoodPinUITests" */;
			buildPhases = (
				E979B42821DC6F26002591F4 /* Sources */,
				E979B42921DC6F26002591F4 /* Frameworks */,
				E979B42A21DC6F26002591F4 /* Resources */,
			);
			buildRules = (
			);
			dependencies = (
				E979B42E21DC6F26002591F4 /* PBXTargetDependency */,
			);
			name = FoodPinUITests;
			productName = FoodPinUITests;
			productReference = E979B42C21DC6F26002591F4 /* FoodPinUITests.xctest */;
			productType = "com.apple.product-type.bundle.ui-testing";
		};
/* End PBXNativeTarget section */

/* Begin PBXProject section */
		E979B40521DC6F23002591F4 /* Project object */ = {
			isa = PBXProject;
			attributes = {
				LastSwiftUpdateCheck = 1010;
				LastUpgradeCheck = 1010;
				ORGANIZATIONNAME = "Soltis, Matthew";
				TargetAttributes = {
					E979B40C21DC6F23002591F4 = {
						CreatedOnToolsVersion = 10.1;
					};
					E979B42021DC6F26002591F4 = {
						CreatedOnToolsVersion = 10.1;
						TestTargetID = E979B40C21DC6F23002591F4;
					};
					E979B42B21DC6F26002591F4 = {
						CreatedOnToolsVersion = 10.1;
						TestTargetID = E979B40C21DC6F23002591F4;
					};
				};
			};
			buildConfigurationList = E979B40821DC6F23002591F4 /* Build configuration list for PBXProject "FoodPin" */;
			compatibilityVersion = "Xcode 9.3";
			developmentRegion = en;
			hasScannedForEncodings = 0;
			knownRegions = (
				en,
				Base,
			);
			mainGroup = E979B40421DC6F23002591F4;
			productRefGroup = E979B40E21DC6F23002591F4 /* Products */;
			projectDirPath = "";
			projectRoot = "";
			targets = (
				E979B40C21DC6F23002591F4 /* FoodPin */,
				E979B42021DC6F26002591F4 /* FoodPinTests */,
				E979B42B21DC6F26002591F4 /* FoodPinUITests */,
			);
		};
/* End PBXProject section */

/* Begin PBXResourcesBuildPhase section */
		E979B40B21DC6F23002591F4 /* Resources */ = {
			isa = PBXResourcesBuildPhase;
			buildActionMask = 2147483647;
			files = (
				E979B41B21DC6F26002591F4 /* LaunchScreen.storyboard in Resources */,
				E979B41821DC6F26002591F4 /* Assets.xcassets in Resources */,
				E979B41621DC6F23002591F4 /* Main.storyboard in Resources */,
			);
			runOnlyForDeploymentPostprocessing = 0;
		};
		E979B41F21DC6F26002591F4 /* Resources */ = {
			isa = PBXResourcesBuildPhase;
			buildActionMask = 2147483647;
			files = (
			);
			runOnlyForDeploymentPostprocessing = 0;
		};
		E979B42A21DC6F26002591F4 /* Resources */ = {
			isa = PBXResourcesBuildPhase;
			buildActionMask = 2147483647;
			files = (
			);
			runOnlyForDeploymentPostprocessing = 0;
		};
/* End PBXResourcesBuildPhase section */

/* Begin PBXSourcesBuildPhase section */
		E979B40921DC6F23002591F4 /* Sources */ = {
			isa = PBXSourcesBuildPhase;
			buildActionMask = 2147483647;
			files = (
				E979B41321DC6F23002591F4 /* ViewController.swift in Sources */,
				E979B41121DC6F23002591F4 /* AppDelegate.swift in Sources */,
			);
			runOnlyForDeploymentPostprocessing = 0;
		};
		E979B41D21DC6F26002591F4 /* Sources */ = {
			isa = PBXSourcesBuildPhase;
			buildActionMask = 2147483647;
			files = (
				E979B42621DC6F26002591F4 /* FoodPinTests.swift in Sources */,
			);
			runOnlyForDeploymentPostprocessing = 0;
		};
		E979B42821DC6F26002591F4 /* Sources */ = {
			isa = PBXSourcesBuildPhase;
			buildActionMask = 2147483647;
			files = (
				E979B43121DC6F26002591F4 /* FoodPinUITests.swift in Sources */,
			);
			runOnlyForDeploymentPostprocessing = 0;
		};
/* End PBXSourcesBuildPhase section */

/* Begin PBXTargetDependency section */
		E979B42321DC6F26002591F4 /* PBXTargetDependency */ = {
			isa = PBXTargetDependency;
			target = E979B40C21DC6F23002591F4 /* FoodPin */;
			targetProxy = E979B42221DC6F26002591F4 /* PBXContainerItemProxy */;
		};
		E979B42E21DC6F26002591F4 /* PBXTargetDependency */ = {
			isa = PBXTargetDependency;
			target = E979B40C21DC6F23002591F4 /* FoodPin */;
			targetProxy = E979B42D21DC6F26002591F4 /* PBXContainerItemProxy */;
		};
/* End PBXTargetDependency section */

/* Begin PBXVariantGroup section */
		E979B41421DC6F23002591F4 /* Main.storyboard */ = {
			isa = PBXVariantGroup;
			children = (
				E979B41521DC6F23002591F4 /* Base */,
			);
			name = Main.storyboard;
			sourceTree = "<group>";
		};
		E979B41921DC6F26002591F4 /* LaunchScreen.storyboard */ = {
			isa = PBXVariantGroup;
			children = (
				E979B41A21DC6F26002591F4 /* Base */,
			);
			name = LaunchScreen.storyboard;
			sourceTree = "<group>";
		};
/* End PBXVariantGroup section */

/* Begin XCBuildConfiguration section */
		E979B43321DC6F26002591F4 /* Debug */ = {
			isa = XCBuildConfiguration;
			buildSettings = {
				ALWAYS_SEARCH_USER_PATHS = NO;
				CLANG_ANALYZER_NONNULL = YES;
				CLANG_ANALYZER_NUMBER_OBJECT_CONVERSION = YES_AGGRESSIVE;
				CLANG_CXX_LANGUAGE_STANDARD = "gnu++14";
				CLANG_CXX_LIBRARY = "libc++";
				CLANG_ENABLE_MODULES = YES;
				CLANG_ENABLE_OBJC_ARC = YES;
				CLANG_ENABLE_OBJC_WEAK = YES;
				CLANG_WARN_BLOCK_CAPTURE_AUTORELEASING = YES;
				CLANG_WARN_BOOL_CONVERSION = YES;
				CLANG_WARN_COMMA = YES;
				CLANG_WARN_CONSTANT_CONVERSION = YES;
				CLANG_WARN_DEPRECATED_OBJC_IMPLEMENTATIONS = YES;
				CLANG_WARN_DIRECT_OBJC_ISA_USAGE = YES_ERROR;
				CLANG_WARN_DOCUMENTATION_COMMENTS = YES;
				CLANG_WARN_EMPTY_BODY = YES;
				CLANG_WARN_ENUM_CONVERSION = YES;
				CLANG_WARN_INFINITE_RECURSION = YES;
				CLANG_WARN_INT_CONVERSION = YES;
				CLANG_WARN_NON_LITERAL_NULL_CONVERSION = YES;
				CLANG_WARN_OBJC_IMPLICIT_RETAIN_SELF = YES;
				CLANG_WARN_OBJC_LITERAL_CONVERSION = YES;
				CLANG_WARN_OBJC_ROOT_CLASS = YES_ERROR;
				CLANG_WARN_RANGE_LOOP_ANALYSIS = YES;
				CLANG_WARN_STRICT_PROTOTYPES = YES;
				CLANG_WARN_SUSPICIOUS_MOVE = YES;
				CLANG_WARN_UNGUARDED_AVAILABILITY = YES_AGGRESSIVE;
				CLANG_WARN_UNREACHABLE_CODE = YES;
				CLANG_WARN__DUPLICATE_METHOD_MATCH = YES;
				CODE_SIGN_IDENTITY = "iPhone Developer";
				COPY_PHASE_STRIP = NO;
				DEBUG_INFORMATION_FORMAT = dwarf;
				ENABLE_STRICT_OBJC_MSGSEND = YES;
				ENABLE_TESTABILITY = YES;
				GCC_C_LANGUAGE_STANDARD = gnu11;
				GCC_DYNAMIC_NO_PIC = NO;
				GCC_NO_COMMON_BLOCKS = YES;
				GCC_OPTIMIZATION_LEVEL = 0;
				GCC_PREPROCESSOR_DEFINITIONS = (
					"DEBUG=1",
					"$(inherited)",
				);
				GCC_WARN_64_TO_32_BIT_CONVERSION = YES;
				GCC_WARN_ABOUT_RETURN_TYPE = YES_ERROR;
				GCC_WARN_UNDECLARED_SELECTOR = YES;
				GCC_WARN_UNINITIALIZED_AUTOS = YES_AGGRESSIVE;
				GCC_WARN_UNUSED_FUNCTION = YES;
				GCC_WARN_UNUSED_VARIABLE = YES;
				IPHONEOS_DEPLOYMENT_TARGET = 12.1;
				MTL_ENABLE_DEBUG_INFO = INCLUDE_SOURCE;
				MTL_FAST_MATH = YES;
				ONLY_ACTIVE_ARCH = YES;
				SDKROOT = iphoneos;
				SWIFT_ACTIVE_COMPILATION_CONDITIONS = DEBUG;
				SWIFT_OPTIMIZATION_LEVEL = "-Onone";
			};
			name = Debug;
		};
		E979B43421DC6F26002591F4 /* Release */ = {
			isa = XCBuildConfiguration;
			buildSettings = {
				ALWAYS_SEARCH_USER_PATHS = NO;
				CLANG_ANALYZER_NONNULL = YES;
				CLANG_ANALYZER_NUMBER_OBJECT_CONVERSION = YES_AGGRESSIVE;
				CLANG_CXX_LANGUAGE_STANDARD = "gnu++14";
				CLANG_CXX_LIBRARY = "libc++";
				CLANG_ENABLE_MODULES = YES;
				CLANG_ENABLE_OBJC_ARC = YES;
				CLANG_ENABLE_OBJC_WEAK = YES;
				CLANG_WARN_BLOCK_CAPTURE_AUTORELEASING = YES;
				CLANG_WARN_BOOL_CONVERSION = YES;
				CLANG_WARN_COMMA = YES;
				CLANG_WARN_CONSTANT_CONVERSION = YES;
				CLANG_WARN_DEPRECATED_OBJC_IMPLEMENTATIONS = YES;
				CLANG_WARN_DIRECT_OBJC_ISA_USAGE = YES_ERROR;
				CLANG_WARN_DOCUMENTATION_COMMENTS = YES;
				CLANG_WARN_EMPTY_BODY = YES;
				CLANG_WARN_ENUM_CONVERSION = YES;
				CLANG_WARN_INFINITE_RECURSION = YES;
				CLANG_WARN_INT_CONVERSION = YES;
				CLANG_WARN_NON_LITERAL_NULL_CONVERSION = YES;
				CLANG_WARN_OBJC_IMPLICIT_RETAIN_SELF = YES;
				CLANG_WARN_OBJC_LITERAL_CONVERSION = YES;
				CLANG_WARN_OBJC_ROOT_CLASS = YES_ERROR;
				CLANG_WARN_RANGE_LOOP_ANALYSIS = YES;
				CLANG_WARN_STRICT_PROTOTYPES = YES;
				CLANG_WARN_SUSPICIOUS_MOVE = YES;
				CLANG_WARN_UNGUARDED_AVAILABILITY = YES_AGGRESSIVE;
				CLANG_WARN_UNREACHABLE_CODE = YES;
				CLANG_WARN__DUPLICATE_METHOD_MATCH = YES;
				CODE_SIGN_IDENTITY = "iPhone Developer";
				COPY_PHASE_STRIP = NO;
				DEBUG_INFORMATION_FORMAT = "dwarf-with-dsym";
				ENABLE_NS_ASSERTIONS = NO;
				ENABLE_STRICT_OBJC_MSGSEND = YES;
				GCC_C_LANGUAGE_STANDARD = gnu11;
				GCC_NO_COMMON_BLOCKS = YES;
				GCC_WARN_64_TO_32_BIT_CONVERSION = YES;
				GCC_WARN_ABOUT_RETURN_TYPE = YES_ERROR;
				GCC_WARN_UNDECLARED_SELECTOR = YES;
				GCC_WARN_UNINITIALIZED_AUTOS = YES_AGGRESSIVE;
				GCC_WARN_UNUSED_FUNCTION = YES;
				GCC_WARN_UNUSED_VARIABLE = YES;
				IPHONEOS_DEPLOYMENT_TARGET = 12.1;
				MTL_ENABLE_DEBUG_INFO = NO;
				MTL_FAST_MATH = YES;
				SDKROOT = iphoneos;
				SWIFT_COMPILATION_MODE = wholemodule;
				SWIFT_OPTIMIZATION_LEVEL = "-O";
				VALIDATE_PRODUCT = YES;
			};
			name = Release;
		};
		E979B43621DC6F26002591F4 /* Debug */ = {
			isa = XCBuildConfiguration;
			buildSettings = {
				ASSETCATALOG_COMPILER_APPICON_NAME = AppIcon;
				CODE_SIGN_STYLE = Automatic;
				INFOPLIST_FILE = FoodPin/Info.plist;
				LD_RUNPATH_SEARCH_PATHS = (
					"$(inherited)",
					"@executable_path/Frameworks",
				);
				PRODUCT_BUNDLE_IDENTIFIER = bux225.FoodPin;
				PRODUCT_NAME = "$(TARGET_NAME)";
				SWIFT_VERSION = 4.2;
				TARGETED_DEVICE_FAMILY = "1,2";
			};
			name = Debug;
		};
		E979B43721DC6F26002591F4 /* Release */ = {
			isa = XCBuildConfiguration;
			buildSettings = {
				ASSETCATALOG_COMPILER_APPICON_NAME = AppIcon;
				CODE_SIGN_STYLE = Automatic;
				INFOPLIST_FILE = FoodPin/Info.plist;
				LD_RUNPATH_SEARCH_PATHS = (
					"$(inherited)",
					"@executable_path/Frameworks",
				);
				PRODUCT_BUNDLE_IDENTIFIER = bux225.FoodPin;
				PRODUCT_NAME = "$(TARGET_NAME)";
				SWIFT_VERSION = 4.2;
				TARGETED_DEVICE_FAMILY = "1,2";
			};
			name = Release;
		};
		E979B43921DC6F26002591F4 /* Debug */ = {
			isa = XCBuildConfiguration;
			buildSettings = {
				ALWAYS_EMBED_SWIFT_STANDARD_LIBRARIES = YES;
				BUNDLE_LOADER = "$(TEST_HOST)";
				CODE_SIGN_STYLE = Automatic;
				INFOPLIST_FILE = FoodPinTests/Info.plist;
				LD_RUNPATH_SEARCH_PATHS = (
					"$(inherited)",
					"@executable_path/Frameworks",
					"@loader_path/Frameworks",
				);
				PRODUCT_BUNDLE_IDENTIFIER = bux225.FoodPinTests;
				PRODUCT_NAME = "$(TARGET_NAME)";
				SWIFT_VERSION = 4.2;
				TARGETED_DEVICE_FAMILY = "1,2";
				TEST_HOST = "$(BUILT_PRODUCTS_DIR)/FoodPin.app/FoodPin";
			};
			name = Debug;
		};
		E979B43A21DC6F26002591F4 /* Release */ = {
			isa = XCBuildConfiguration;
			buildSettings = {
				ALWAYS_EMBED_SWIFT_STANDARD_LIBRARIES = YES;
				BUNDLE_LOADER = "$(TEST_HOST)";
				CODE_SIGN_STYLE = Automatic;
				INFOPLIST_FILE = FoodPinTests/Info.plist;
				LD_RUNPATH_SEARCH_PATHS = (
					"$(inherited)",
					"@executable_path/Frameworks",
					"@loader_path/Frameworks",
				);
				PRODUCT_BUNDLE_IDENTIFIER = bux225.FoodPinTests;
				PRODUCT_NAME = "$(TARGET_NAME)";
				SWIFT_VERSION = 4.2;
				TARGETED_DEVICE_FAMILY = "1,2";
				TEST_HOST = "$(BUILT_PRODUCTS_DIR)/FoodPin.app/FoodPin";
			};
			name = Release;
		};
		E979B43C21DC6F26002591F4 /* Debug */ = {
			isa = XCBuildConfiguration;
			buildSettings = {
				ALWAYS_EMBED_SWIFT_STANDARD_LIBRARIES = YES;
				CODE_SIGN_STYLE = Automatic;
				INFOPLIST_FILE = FoodPinUITests/Info.plist;
				LD_RUNPATH_SEARCH_PATHS = (
					"$(inherited)",
					"@executable_path/Frameworks",
					"@loader_path/Frameworks",
				);
				PRODUCT_BUNDLE_IDENTIFIER = bux225.FoodPinUITests;
				PRODUCT_NAME = "$(TARGET_NAME)";
				SWIFT_VERSION = 4.2;
				TARGETED_DEVICE_FAMILY = "1,2";
				TEST_TARGET_NAME = FoodPin;
			};
			name = Debug;
		};
		E979B43D21DC6F26002591F4 /* Release */ = {
			isa = XCBuildConfiguration;
			buildSettings = {
				ALWAYS_EMBED_SWIFT_STANDARD_LIBRARIES = YES;
				CODE_SIGN_STYLE = Automatic;
				INFOPLIST_FILE = FoodPinUITests/Info.plist;
				LD_RUNPATH_SEARCH_PATHS = (
					"$(inherited)",
					"@executable_path/Frameworks",
					"@loader_path/Frameworks",
				);
				PRODUCT_BUNDLE_IDENTIFIER = bux225.FoodPinUITests;
				PRODUCT_NAME = "$(TARGET_NAME)";
				SWIFT_VERSION = 4.2;
				TARGETED_DEVICE_FAMILY = "1,2";
				TEST_TARGET_NAME = FoodPin;
			};
			name = Release;
		};
/* End XCBuildConfiguration section */

/* Begin XCConfigurationList section */
		E979B40821DC6F23002591F4 /* Build configuration list for PBXProject "FoodPin" */ = {
			isa = XCConfigurationList;
			buildConfigurations = (
				E979B43321DC6F26002591F4 /* Debug */,
				E979B43421DC6F26002591F4 /* Release */,
			);
			defaultConfigurationIsVisible = 0;
			defaultConfigurationName = Release;
		};
		E979B43521DC6F26002591F4 /* Build configuration list for PBXNativeTarget "FoodPin" */ = {
			isa = XCConfigurationList;
			buildConfigurations = (
				E979B43621DC6F26002591F4 /* Debug */,
				E979B43721DC6F26002591F4 /* Release */,
			);
			defaultConfigurationIsVisible = 0;
			defaultConfigurationName = Release;
		};
		E979B43821DC6F26002591F4 /* Build configuration list for PBXNativeTarget "FoodPinTests" */ = {
			isa = XCConfigurationList;
			buildConfigurations = (
				E979B43921DC6F26002591F4 /* Debug */,
				E979B43A21DC6F26002591F4 /* Release */,
			);
			defaultConfigurationIsVisible = 0;
			defaultConfigurationName = Release;
		};
		E979B43B21DC6F26002591F4 /* Build configuration list for PBXNativeTarget "FoodPinUITests" */ = {
			isa = XCConfigurationList;
			buildConfigurations = (
				E979B43C21DC6F26002591F4 /* Debug */,
				E979B43D21DC6F26002591F4 /* Release */,
			);
			defaultConfigurationIsVisible = 0;
			defaultConfigurationName = Release;
		};
/* End XCConfigurationList section */
	};
	rootObject = E979B40521DC6F23002591F4 /* Project object */;
}
